<?xml version="1.0" encoding="utf-8"?>
<Project ToolsVersion="4.0" xmlns="http://schemas.microsoft.com/developer/msbuild/2003">
  <ItemGroup>
    <Filter Include="源文件">
      <UniqueIdentifier>{4FC737F1-C7A5-4376-A066-2A32D752A2FF}</UniqueIdentifier>
      <Extensions>cpp;c;cc;cxx;c++;cppm;ixx;def;odl;idl;hpj;bat;asm;asmx</Extensions>
    </Filter>
    <Filter Include="头文件">
      <UniqueIdentifier>{93995380-89BD-4b04-88EB-625FBE52EBFB}</UniqueIdentifier>
      <Extensions>h;hh;hpp;hxx;h++;hm;inl;inc;ipp;xsd</Extensions>
    </Filter>
    <Filter Include="资源文件">
      <UniqueIdentifier>{67DA6AB6-F800-4c08-8B7A-83BB121AAD01}</UniqueIdentifier>
      <Extensions>rc;ico;cur;bmp;dlg;rc2;rct;bin;rgs;gif;jpg;jpeg;jpe;resx;tiff;tif;png;wav;mfcribbon-ms</Extensions>
    </Filter>
  </ItemGroup>
  <ItemGroup>
    <ClInclude Include="src\itun_device.h">
      <Filter>头文件</Filter>
    </ClInclude>
    <ClInclude Include="src\logger.h">
      <Filter>头文件</Filter>
    </ClInclude>
    <ClInclude Include="include\tun_macro.h">
      <Filter>头文件</Filter>
    </ClInclude>
    <ClInclude Include="third_party\wintun-0.14.1\wintun\include\wintun.h">
      <Filter>头文件</Filter>
    </ClInclude>
    <ClInclude Include="src\AdapterConfig.h">
      <Filter>头文件</Filter>
    </ClInclude>
    <ClInclude Include="src\tun.h">
      <Filter>头文件</Filter>
    </ClInclude>
    <ClInclude Include="src\route_manager.h">
      <Filter>头文件</Filter>
    </ClInclude>
    <ClInclude Include="src\PacketQueue.h">
      <Filter>头文件</Filter>
    </ClInclude>
    <ClInclude Include="src\packet_buffer.h">
      <Filter>头文件</Filter>
    </ClInclude>
    <ClInclude Include="src\tunnel_protoco.h">
      <Filter>头文件</Filter>
    </ClInclude>
    <ClInclude Include="src\UDP.h">
      <Filter>头文件</Filter>
    </ClInclude>
    <ClInclude Include="src\reconnect_manager.h">
      <Filter>头文件</Filter>
    </ClInclude>
    <ClInclude Include="Crypt.h">
      <Filter>头文件</Filter>
    </ClInclude>
    <ClInclude Include="Config.h">
      <Filter>头文件</Filter>
    </ClInclude>
    <ClInclude Include="resource.h">
      <Filter>头文件</Filter>
    </ClInclude>
  </ItemGroup>
  <ItemGroup>
    <ClCompile Include="src\tun.cpp">
      <Filter>源文件</Filter>
    </ClCompile>
    <ClCompile Include="src\main.cpp">
      <Filter>源文件</Filter>
    </ClCompile>
    <ClCompile Include="src\logger.cpp">
      <Filter>源文件</Filter>
    </ClCompile>
    <ClCompile Include="src\AdapterConfig.cpp">
      <Filter>源文件</Filter>
    </ClCompile>
    <ClCompile Include="src\route_manager.cpp">
      <Filter>源文件</Filter>
    </ClCompile>
    <ClCompile Include="src\PacketQueue.cpp">
      <Filter>源文件</Filter>
    </ClCompile>
    <ClCompile Include="src\packet_buffer.cpp">
      <Filter>源文件</Filter>
    </ClCompile>
    <ClCompile Include="src\UDP.cpp">
      <Filter>源文件</Filter>
    </ClCompile>
    <ClCompile Include="src\reconnect_manager.cpp">
      <Filter>源文件</Filter>
    </ClCompile>
    <ClCompile Include="Crypt.cpp">
      <Filter>源文件</Filter>
    </ClCompile>
    <ClCompile Include="Config.cpp">
      <Filter>源文件</Filter>
    </ClCompile>
  </ItemGroup>
  <ItemGroup>
    <None Include="LICENSE">
      <Filter>资源文件</Filter>
    </None>
    <None Include="README.md">
      <Filter>资源文件</Filter>
    </None>
  </ItemGroup>
</Project>